
Microsoft Visual Studio Solution File, Format Version 12.00
# Visual Studio 15
VisualStudioVersion = 15.0.28307.271
MinimumVisualStudioVersion = 10.0.40219.1
Project("{FAE04EC0-301F-11D3-BF4B-00C04F79EFBC}") = "Lab03", "Lab03\Lab03.csproj", "{F6211E63-9A68-4281-92B0-2B586440B9C7}"
EndProject
Global
	GlobalSection(SolutionConfigurationPlatforms) = preSolution
		Debug|Any CPU = Debug|Any CPU
		Release|Any CPU = Release|Any CPU
	EndGlobalSection
	GlobalSection(ProjectConfigurationPlatforms) = postSolution
		{F6211E63-9A68-4281-92B0-2B586440B9C7}.Debug|Any CPU.ActiveCfg = Debug|Any CPU
		{F6211E63-9A68-4281-92B0-2B586440B9C7}.Debug|Any CPU.Build.0 = Debug|Any CPU
		{F6211E63-9A68-4281-92B0-2B586440B9C7}.Release|Any CPU.ActiveCfg = Release|Any CPU
		{F6211E63-9A68-4281-92B0-2B586440B9C7}.Release|Any CPU.Build.0 = Release|Any CPU
	EndGlobalSection
	GlobalSection(SolutionProperties) = preSolution
		HideSolutionNode = FALSE
	EndGlobalSection
	GlobalSection(ExtensibilityGlobals) = postSolution
		SolutionGuid = {406EB1C2-AB48-470A-9B65-204E07A968D4}
	EndGlobalSection
EndGlobal
